
Microsoft Visual Studio Solution File, Format Version 12.00
# Visual Studio Version 17
VisualStudioVersion = 17.8.34408.163
MinimumVisualStudioVersion = 10.0.40219.1
Project("{9A19103F-16F7-4668-BE54-9A1E7A4F7556}") = "DemoMod", "DemoMod.csproj", "{8EE54985-B576-4B13-A59B-A26787B1C99D}"
EndProject
Global
	GlobalSection(SolutionConfigurationPlatforms) = preSolution
		Debug|Any CPU = Debug|Any CPU
		Release|Any CPU = Release|Any CPU
	EndGlobalSection
	GlobalSection(ProjectConfigurationPlatforms) = postSolution
		{8EE54985-B576-4B13-A59B-A26787B1C99D}.Debug|Any CPU.ActiveCfg = Release|Any CPU
		{8EE54985-B576-4B13-A59B-A26787B1C99D}.Debug|Any CPU.Build.0 = Release|Any CPU
		{8EE54985-B576-4B13-A59B-A26787B1C99D}.Release|Any CPU.ActiveCfg = Release|Any CPU
		{8EE54985-B576-4B13-A59B-A26787B1C99D}.Release|Any CPU.Build.0 = Release|Any CPU
	EndGlobalSection
	GlobalSection(SolutionProperties) = preSolution
		HideSolutionNode = FALSE
	EndGlobalSection
	GlobalSection(ExtensibilityGlobals) = postSolution
		SolutionGuid = {0BB6F487-2AE0-4A52-A4D7-5C39D82CBE40}
	EndGlobalSection
EndGlobal
